
Microsoft Visual Studio Solution File, Format Version 12.00
# Visual Studio Version 17
VisualStudioVersion = 17.2.32616.157
MinimumVisualStudioVersion = 10.0.40219.1
Project("{FAE04EC0-301F-11D3-BF4B-00C04F79EFBC}") = "WindowsFormsApp1", "WindowsFormsApp1\WindowsFormsApp1.csproj", "{2BCC4007-E12E-4F1D-9FB5-E4C8FA09FB77}"
EndProject
Global
	GlobalSection(SolutionConfigurationPlatforms) = preSolution
		Debug|Any CPU = Debug|Any CPU
		Release|Any CPU = Release|Any CPU
	EndGlobalSection
	GlobalSection(ProjectConfigurationPlatforms) = postSolution
		{2BCC4007-E12E-4F1D-9FB5-E4C8FA09FB77}.Debug|Any CPU.ActiveCfg = Debug|Any CPU
		{2BCC4007-E12E-4F1D-9FB5-E4C8FA09FB77}.Debug|Any CPU.Build.0 = Debug|Any CPU
		{2BCC4007-E12E-4F1D-9FB5-E4C8FA09FB77}.Release|Any CPU.ActiveCfg = Release|Any CPU
		{2BCC4007-E12E-4F1D-9FB5-E4C8FA09FB77}.Release|Any CPU.Build.0 = Release|Any CPU
	EndGlobalSection
	GlobalSection(SolutionProperties) = preSolution
		HideSolutionNode = FALSE
	EndGlobalSection
	GlobalSection(ExtensibilityGlobals) = postSolution
		SolutionGuid = {B9AB5C5B-C52A-44A9-BAA6-B2F5645AFBFF}
	EndGlobalSection
EndGlobal
